PODS:
  - SnapKit (5.0.1)
  - TPCircularBuffer (1.6.1)

DEPENDENCIES:
  - SnapKit (= 5.0.1)
  - TPCircularBuffer (= 1.6.1)

SPEC REPOS:
  https://github.com/CocoaPods/Specs.git:
    - SnapKit
    - TPCircularBuffer

SPEC CHECKSUMS:
  SnapKit: 97b92857e3df3a0c71833cce143274bf6ef8e5eb
  TPCircularBuffer: c13243556527551c4d320709c7b14a6d20cdc30a

PODFILE CHECKSUM: c639c10ff82852bdb0b7b2a5fe186b9bc6f47971

COCOAPODS: 1.11.2
